
Microsoft Visual Studio Solution File, Format Version 12.00
# Visual Studio Version 17
VisualStudioVersion = 17.13.36105.23
MinimumVisualStudioVersion = 10.0.40219.1
Project("{FAE04EC0-301F-11D3-BF4B-00C04F79EFBC}") = "Web.API", "Web.API\Web.API.csproj", "{A3C3DE85-C264-4473-9510-2D3923D57123}"
EndProject
Project("{FAE04EC0-301F-11D3-BF4B-00C04F79EFBC}") = "ServiceLayer", "ServiceLayer\ServiceLayer.csproj", "{39402638-CEE6-4F08-AD95-F43CFADB3155}"
EndProject
Global
	GlobalSection(SolutionConfigurationPlatforms) = preSolution
		Debug|Any CPU = Debug|Any CPU
		Release|Any CPU = Release|Any CPU
	EndGlobalSection
	GlobalSection(ProjectConfigurationPlatforms) = postSolution
		{A3C3DE85-C264-4473-9510-2D3923D57123}.Debug|Any CPU.ActiveCfg = Debug|Any CPU
		{A3C3DE85-C264-4473-9510-2D3923D57123}.Debug|Any CPU.Build.0 = Debug|Any CPU
		{A3C3DE85-C264-4473-9510-2D3923D57123}.Release|Any CPU.ActiveCfg = Release|Any CPU
		{A3C3DE85-C264-4473-9510-2D3923D57123}.Release|Any CPU.Build.0 = Release|Any CPU
		{39402638-CEE6-4F08-AD95-F43CFADB3155}.Debug|Any CPU.ActiveCfg = Debug|Any CPU
		{39402638-CEE6-4F08-AD95-F43CFADB3155}.Debug|Any CPU.Build.0 = Debug|Any CPU
		{39402638-CEE6-4F08-AD95-F43CFADB3155}.Release|Any CPU.ActiveCfg = Release|Any CPU
		{39402638-CEE6-4F08-AD95-F43CFADB3155}.Release|Any CPU.Build.0 = Release|Any CPU
	EndGlobalSection
	GlobalSection(SolutionProperties) = preSolution
		HideSolutionNode = FALSE
	EndGlobalSection
	GlobalSection(ExtensibilityGlobals) = postSolution
		SolutionGuid = {6EF3FFD3-012B-4388-8549-5F2C762957D2}
	EndGlobalSection
EndGlobal
